# THIS IS AN AUTOGENERATED FILE. DO NOT EDIT THIS FILE DIRECTLY.
# yarn lockfile v1


"@fluree/fluree-client@file:../..":
  version "1.0.13"
  resolved "file:../.."
  dependencies:
    "@fluree/crypto" "^3.0.0"
    "@types/uuid" "^9.0.8"
    cross-fetch "^4.0.0"
    dotenv "^16.4.1"
    tslib "^2.6.2"
    uuid "^9.0.1"
